
Microsoft Visual Studio Solution File, Format Version 12.00
# Visual Studio Version 17
VisualStudioVersion = 17.5.002.0
MinimumVisualStudioVersion = 10.0.40219.1
Project("{9A19103F-16F7-4668-BE54-9A1E7A4F7556}") = "GPO BLAZOR", "GPO BLAZOR\GPO BLAZOR.csproj", "{93F01A0E-B397-48EB-B51E-63F5780D111F}"
EndProject
Project("{9A19103F-16F7-4668-BE54-9A1E7A4F7556}") = "GPO BLAZOR.Client", "GPO BLAZOR.Client\GPO BLAZOR.Client.csproj", "{3745A383-1470-45FC-8DEC-AB3437AF2BAF}"
EndProject
Global
	GlobalSection(SolutionConfigurationPlatforms) = preSolution
		Debug|Any CPU = Debug|Any CPU
		Release|Any CPU = Release|Any CPU
	EndGlobalSection
	GlobalSection(ProjectConfigurationPlatforms) = postSolution
		{93F01A0E-B397-48EB-B51E-63F5780D111F}.Debug|Any CPU.ActiveCfg = Debug|Any CPU
		{93F01A0E-B397-48EB-B51E-63F5780D111F}.Debug|Any CPU.Build.0 = Debug|Any CPU
		{93F01A0E-B397-48EB-B51E-63F5780D111F}.Release|Any CPU.ActiveCfg = Release|Any CPU
		{93F01A0E-B397-48EB-B51E-63F5780D111F}.Release|Any CPU.Build.0 = Release|Any CPU
		{3745A383-1470-45FC-8DEC-AB3437AF2BAF}.Debug|Any CPU.ActiveCfg = Debug|Any CPU
		{3745A383-1470-45FC-8DEC-AB3437AF2BAF}.Debug|Any CPU.Build.0 = Debug|Any CPU
		{3745A383-1470-45FC-8DEC-AB3437AF2BAF}.Release|Any CPU.ActiveCfg = Release|Any CPU
		{3745A383-1470-45FC-8DEC-AB3437AF2BAF}.Release|Any CPU.Build.0 = Release|Any CPU
	EndGlobalSection
	GlobalSection(SolutionProperties) = preSolution
		HideSolutionNode = FALSE
	EndGlobalSection
	GlobalSection(ExtensibilityGlobals) = postSolution
		SolutionGuid = {8C81F075-F302-4336-A176-36E721B080D1}
	EndGlobalSection
EndGlobal
